
Microsoft Visual Studio Solution File, Format Version 11.00
# Visual Studio 2010
Project("{FAE04EC0-301F-11D3-BF4B-00C04F79EFBC}") = "GUI", "GUI\GUI.csproj", "{1B89757C-284E-48FB-BAB4-AD161550FC02}"
EndProject
Project("{FAE04EC0-301F-11D3-BF4B-00C04F79EFBC}") = "DAO", "DAO\DAO.csproj", "{48371467-744A-4675-A65D-449AC0E7888E}"
EndProject
Project("{FAE04EC0-301F-11D3-BF4B-00C04F79EFBC}") = "DTO", "DTO\DTO.csproj", "{65E7D701-9B52-48C5-B408-C400DD8D01FA}"
EndProject
Global
	GlobalSection(SolutionConfigurationPlatforms) = preSolution
		Debug|Any CPU = Debug|Any CPU
		Debug|Mixed Platforms = Debug|Mixed Platforms
		Debug|x86 = Debug|x86
		Release|Any CPU = Release|Any CPU
		Release|Mixed Platforms = Release|Mixed Platforms
		Release|x86 = Release|x86
	EndGlobalSection
	GlobalSection(ProjectConfigurationPlatforms) = postSolution
		{1B89757C-284E-48FB-BAB4-AD161550FC02}.Debug|Any CPU.ActiveCfg = Debug|x86
		{1B89757C-284E-48FB-BAB4-AD161550FC02}.Debug|Mixed Platforms.ActiveCfg = Debug|x86
		{1B89757C-284E-48FB-BAB4-AD161550FC02}.Debug|Mixed Platforms.Build.0 = Debug|x86
		{1B89757C-284E-48FB-BAB4-AD161550FC02}.Debug|x86.ActiveCfg = Debug|x86
		{1B89757C-284E-48FB-BAB4-AD161550FC02}.Debug|x86.Build.0 = Debug|x86
		{1B89757C-284E-48FB-BAB4-AD161550FC02}.Release|Any CPU.ActiveCfg = Release|x86
		{1B89757C-284E-48FB-BAB4-AD161550FC02}.Release|Mixed Platforms.ActiveCfg = Release|x86
		{1B89757C-284E-48FB-BAB4-AD161550FC02}.Release|Mixed Platforms.Build.0 = Release|x86
		{1B89757C-284E-48FB-BAB4-AD161550FC02}.Release|x86.ActiveCfg = Release|x86
		{1B89757C-284E-48FB-BAB4-AD161550FC02}.Release|x86.Build.0 = Release|x86
		{48371467-744A-4675-A65D-449AC0E7888E}.Debug|Any CPU.ActiveCfg = Debug|Any CPU
		{48371467-744A-4675-A65D-449AC0E7888E}.Debug|Any CPU.Build.0 = Debug|Any CPU
		{48371467-744A-4675-A65D-449AC0E7888E}.Debug|Mixed Platforms.ActiveCfg = Debug|Any CPU
		{48371467-744A-4675-A65D-449AC0E7888E}.Debug|Mixed Platforms.Build.0 = Debug|Any CPU
		{48371467-744A-4675-A65D-449AC0E7888E}.Debug|x86.ActiveCfg = Debug|Any CPU
		{48371467-744A-4675-A65D-449AC0E7888E}.Release|Any CPU.ActiveCfg = Release|Any CPU
		{48371467-744A-4675-A65D-449AC0E7888E}.Release|Any CPU.Build.0 = Release|Any CPU
		{48371467-744A-4675-A65D-449AC0E7888E}.Release|Mixed Platforms.ActiveCfg = Release|Any CPU
		{48371467-744A-4675-A65D-449AC0E7888E}.Release|Mixed Platforms.Build.0 = Release|Any CPU
		{48371467-744A-4675-A65D-449AC0E7888E}.Release|x86.ActiveCfg = Release|Any CPU
		{65E7D701-9B52-48C5-B408-C400DD8D01FA}.Debug|Any CPU.ActiveCfg = Debug|Any CPU
		{65E7D701-9B52-48C5-B408-C400DD8D01FA}.Debug|Any CPU.Build.0 = Debug|Any CPU
		{65E7D701-9B52-48C5-B408-C400DD8D01FA}.Debug|Mixed Platforms.ActiveCfg = Debug|Any CPU
		{65E7D701-9B52-48C5-B408-C400DD8D01FA}.Debug|Mixed Platforms.Build.0 = Debug|Any CPU
		{65E7D701-9B52-48C5-B408-C400DD8D01FA}.Debug|x86.ActiveCfg = Debug|Any CPU
		{65E7D701-9B52-48C5-B408-C400DD8D01FA}.Release|Any CPU.ActiveCfg = Release|Any CPU
		{65E7D701-9B52-48C5-B408-C400DD8D01FA}.Release|Any CPU.Build.0 = Release|Any CPU
		{65E7D701-9B52-48C5-B408-C400DD8D01FA}.Release|Mixed Platforms.ActiveCfg = Release|Any CPU
		{65E7D701-9B52-48C5-B408-C400DD8D01FA}.Release|Mixed Platforms.Build.0 = Release|Any CPU
		{65E7D701-9B52-48C5-B408-C400DD8D01FA}.Release|x86.ActiveCfg = Release|Any CPU
	EndGlobalSection
	GlobalSection(SolutionProperties) = preSolution
		HideSolutionNode = FALSE
	EndGlobalSection
EndGlobal
